// !$*UTF8*$!
{
	archiveVersion = 1;
	classes = {
	};
	objectVersion = 51;
	objects = {

/* Begin PBXBuildFile section */
		20649D70744E7C8125ECF219 /* Pods_heroTransitions.framework in Frameworks */ = {isa = PBXBuildFile; fileRef = A507C6A0030C5C818311DFB6 /* Pods_heroTransitions.framework */; };
		E752AF7E256CA5C800D952F5 /* productsViewController.swift in Sources */ = {isa = PBXBuildFile; fileRef = E752AF7D256CA5C800D952F5 /* productsViewController.swift */; };
		E752AF81256CA62D00D952F5 /* productsCollectionViewCell.swift in Sources */ = {isa = PBXBuildFile; fileRef = E752AF80256CA62D00D952F5 /* productsCollectionViewCell.swift */; };
		E752AF84256CA92700D952F5 /* DetailsItemViewController.swift in Sources */ = {isa = PBXBuildFile; fileRef = E752AF83256CA92700D952F5 /* DetailsItemViewController.swift */; };
		E7BBABC42569830800CF95EE /* AppDelegate.swift in Sources */ = {isa = PBXBuildFile; fileRef = E7BBABC32569830800CF95EE /* AppDelegate.swift */; };
		E7BBABC62569830800CF95EE /* SceneDelegate.swift in Sources */ = {isa = PBXBuildFile; fileRef = E7BBABC52569830800CF95EE /* SceneDelegate.swift */; };
		E7BBABC82569830800CF95EE /* ViewController.swift in Sources */ = {isa = PBXBuildFile; fileRef = E7BBABC72569830800CF95EE /* ViewController.swift */; };
		E7BBABCB2569830800CF95EE /* Main.storyboard in Resources */ = {isa = PBXBuildFile; fileRef = E7BBABC92569830800CF95EE /* Main.storyboard */; };
		E7BBABCD2569830900CF95EE /* Assets.xcassets in Resources */ = {isa = PBXBuildFile; fileRef = E7BBABCC2569830900CF95EE /* Assets.xcassets */; };
		E7BBABD02569830900CF95EE /* LaunchScreen.storyboard in Resources */ = {isa = PBXBuildFile; fileRef = E7BBABCE2569830900CF95EE /* LaunchScreen.storyboard */; };
		E7BBABDC256984BC00CF95EE /* ViewController2.swift in Sources */ = {isa = PBXBuildFile; fileRef = E7BBABDB256984BC00CF95EE /* ViewController2.swift */; };
/* End PBXBuildFile section */

/* Begin PBXFileReference section */
		A507C6A0030C5C818311DFB6 /* Pods_heroTransitions.framework */ = {isa = PBXFileReference; explicitFileType = wrapper.framework; includeInIndex = 0; path = Pods_heroTransitions.framework; sourceTree = BUILT_PRODUCTS_DIR; };
		DCAB12C11AD1EA92915F1D70 /* Pods-heroTransitions.debug.xcconfig */ = {isa = PBXFileReference; includeInIndex = 1; lastKnownFileType = text.xcconfig; name = "Pods-heroTransitions.debug.xcconfig"; path = "Target Support Files/Pods-heroTransitions/Pods-heroTransitions.debug.xcconfig"; sourceTree = "<group>"; };
		E752AF7D256CA5C800D952F5 /* productsViewController.swift */ = {isa = PBXFileReference; lastKnownFileType = sourcecode.swift; path = productsViewController.swift; sourceTree = "<group>"; };
		E752AF80256CA62D00D952F5 /* productsCollectionViewCell.swift */ = {isa = PBXFileReference; lastKnownFileType = sourcecode.swift; path = productsCollectionViewCell.swift; sourceTree = "<group>"; };
		E752AF83256CA92700D952F5 /* DetailsItemViewController.swift */ = {isa = PBXFileReference; lastKnownFileType = sourcecode.swift; path = DetailsItemViewController.swift; sourceTree = "<group>"; };
		E7BBABC02569830800CF95EE /* heroTransitions.app */ = {isa = PBXFileReference; explicitFileType = wrapper.application; includeInIndex = 0; path = heroTransitions.app; sourceTree = BUILT_PRODUCTS_DIR; };
		E7BBABC32569830800CF95EE /* AppDelegate.swift */ = {isa = PBXFileReference; lastKnownFileType = sourcecode.swift; path = AppDelegate.swift; sourceTree = "<group>"; };
		E7BBABC52569830800CF95EE /* SceneDelegate.swift */ = {isa = PBXFileReference; lastKnownFileType = sourcecode.swift; path = SceneDelegate.swift; sourceTree = "<group>"; };
		E7BBABC72569830800CF95EE /* ViewController.swift */ = {isa = PBXFileReference; lastKnownFileType = sourcecode.swift; path = ViewController.swift; sourceTree = "<group>"; };
		E7BBABCA2569830800CF95EE /* Base */ = {isa = PBXFileReference; lastKnownFileType = file.storyboard; name = Base; path = Base.lproj/Main.storyboard; sourceTree = "<group>"; };
		E7BBABCC2569830900CF95EE /* Assets.xcassets */ = {isa = PBXFileReference; lastKnownFileType = folder.assetcatalog; path = Assets.xcassets; sourceTree = "<group>"; };
		E7BBABCF2569830900CF95EE /* Base */ = {isa = PBXFileReference; lastKnownFileType = file.storyboard; name = Base; path = Base.lproj/LaunchScreen.storyboard; sourceTree = "<group>"; };
		E7BBABD12569830900CF95EE /* Info.plist */ = {isa = PBXFileReference; lastKnownFileType = text.plist.xml; path = Info.plist; sourceTree = "<group>"; };
		E7BBABDB256984BC00CF95EE /* ViewController2.swift */ = {isa = PBXFileReference; lastKnownFileType = sourcecode.swift; path = ViewController2.swift; sourceTree = "<group>"; };
		EA5329F7A0393192B8273706 /* Pods-heroTransitions.release.xcconfig */ = {isa = PBXFileReference; includeInIndex = 1; lastKnownFileType = text.xcconfig; name = "Pods-heroTransitions.release.xcconfig"; path = "Target Support Files/Pods-heroTransitions/Pods-heroTransitions.release.xcconfig"; sourceTree = "<group>"; };
/* End PBXFileReference section */

/* Begin PBXFrameworksBuildPhase section */
		E7BBABBD2569830800CF95EE /* Frameworks */ = {
			isa = PBXFrameworksBuildPhase;
			buildActionMask = 2147483647;
			files = (
				20649D70744E7C8125ECF219 /* Pods_heroTransitions.framework in Frameworks */,
			);
			runOnlyForDeploymentPostprocessing = 0;
		};
/* End PBXFrameworksBuildPhase section */

/* Begin PBXGroup section */
		52AE091685D647E314345E3B /* Pods */ = {
			isa = PBXGroup;
			children = (
				DCAB12C11AD1EA92915F1D70 /* Pods-heroTransitions.debug.xcconfig */,
				EA5329F7A0393192B8273706 /* Pods-heroTransitions.release.xcconfig */,
			);
			path = Pods;
			sourceTree = "<group>";
		};
		642C428B401A13EADC813723 /* Frameworks */ = {
			isa = PBXGroup;
			children = (
				A507C6A0030C5C818311DFB6 /* Pods_heroTransitions.framework */,
			);
			name = Frameworks;
			sourceTree = "<group>";
		};
		E7BBABB72569830800CF95EE = {
			isa = PBXGroup;
			children = (
				E7BBABC22569830800CF95EE /* heroTransitions */,
				E7BBABC12569830800CF95EE /* Products */,
				52AE091685D647E314345E3B /* Pods */,
				642C428B401A13EADC813723 /* Frameworks */,
			);
			sourceTree = "<group>";
		};
		E7BBABC12569830800CF95EE /* Products */ = {
			isa = PBXGroup;
			children = (
				E7BBABC02569830800CF95EE /* heroTransitions.app */,
			);
			name = Products;
			sourceTree = "<group>";
		};
		E7BBABC22569830800CF95EE /* heroTransitions */ = {
			isa = PBXGroup;
			children = (
				E7BBABC32569830800CF95EE /* AppDelegate.swift */,
				E7BBABC52569830800CF95EE /* SceneDelegate.swift */,
				E7BBABC72569830800CF95EE /* ViewController.swift */,
				E7BBABDB256984BC00CF95EE /* ViewController2.swift */,
				E752AF7D256CA5C800D952F5 /* productsViewController.swift */,
				E752AF80256CA62D00D952F5 /* productsCollectionViewCell.swift */,
				E752AF83256CA92700D952F5 /* DetailsItemViewController.swift */,
				E7BBABC92569830800CF95EE /* Main.storyboard */,
				E7BBABCC2569830900CF95EE /* Assets.xcassets */,
				E7BBABCE2569830900CF95EE /* LaunchScreen.storyboard */,
				E7BBABD12569830900CF95EE /* Info.plist */,
			);
			path = heroTransitions;
			sourceTree = "<group>";
		};
/* End PBXGroup section */

/* Begin PBXNativeTarget section */
		E7BBABBF2569830800CF95EE /* heroTransitions */ = {
			isa = PBXNativeTarget;
			buildConfigurationList = E7BBABD42569830900CF95EE /* Build configuration list for PBXNativeTarget "heroTransitions" */;
			buildPhases = (
				39784B0F515361289B3181F5 /* [CP] Check Pods Manifest.lock */,
				E7BBABBC2569830800CF95EE /* Sources */,
				E7BBABBD2569830800CF95EE /* Frameworks */,
				E7BBABBE2569830800CF95EE /* Resources */,
				C5F13171F4A06570E180CA6B /* [CP] Embed Pods Frameworks */,
			);
			buildRules = (
			);
			dependencies = (
			);
			name = heroTransitions;
			productName = heroTransitions;
			productReference = E7BBABC02569830800CF95EE /* heroTransitions.app */;
			productType = "com.apple.product-type.application";
		};
/* End PBXNativeTarget section */

/* Begin PBXProject section */
		E7BBABB82569830800CF95EE /* Project object */ = {
			isa = PBXProject;
			attributes = {
				LastSwiftUpdateCheck = 1220;
				LastUpgradeCheck = 1220;
				TargetAttributes = {
					E7BBABBF2569830800CF95EE = {
						CreatedOnToolsVersion = 12.2;
					};
				};
			};
			buildConfigurationList = E7BBABBB2569830800CF95EE /* Build configuration list for PBXProject "heroTransitions" */;
			compatibilityVersion = "Xcode 9.3";
			developmentRegion = en;
			hasScannedForEncodings = 0;
			knownRegions = (
				en,
				Base,
			);
			mainGroup = E7BBABB72569830800CF95EE;
			productRefGroup = E7BBABC12569830800CF95EE /* Products */;
			projectDirPath = "";
			projectRoot = "";
			targets = (
				E7BBABBF2569830800CF95EE /* heroTransitions */,
			);
		};
/* End PBXProject section */

/* Begin PBXResourcesBuildPhase section */
		E7BBABBE2569830800CF95EE /* Resources */ = {
			isa = PBXResourcesBuildPhase;
			buildActionMask = 2147483647;
			files = (
				E7BBABD02569830900CF95EE /* LaunchScreen.storyboard in Resources */,
				E7BBABCD2569830900CF95EE /* Assets.xcassets in Resources */,
				E7BBABCB2569830800CF95EE /* Main.storyboard in Resources */,
			);
			runOnlyForDeploymentPostprocessing = 0;
		};
/* End PBXResourcesBuildPhase section */

/* Begin PBXShellScriptBuildPhase section */
		39784B0F515361289B3181F5 /* [CP] Check Pods Manifest.lock */ = {
			isa = PBXShellScriptBuildPhase;
			buildActionMask = 2147483647;
			files = (
			);
			inputFileListPaths = (
			);
			inputPaths = (
				"${PODS_PODFILE_DIR_PATH}/Podfile.lock",
				"${PODS_ROOT}/Manifest.lock",
			);
			name = "[CP] Check Pods Manifest.lock";
			outputFileListPaths = (
			);
			outputPaths = (
				"$(DERIVED_FILE_DIR)/Pods-heroTransitions-checkManifestLockResult.txt",
			);
			runOnlyForDeploymentPostprocessing = 0;
			shellPath = /bin/sh;
			shellScript = "diff \"${PODS_PODFILE_DIR_PATH}/Podfile.lock\" \"${PODS_ROOT}/Manifest.lock\" > /dev/null\nif [ $? != 0 ] ; then\n    # print error to STDERR\n    echo \"error: The sandbox is not in sync with the Podfile.lock. Run 'pod install' or update your CocoaPods installation.\" >&2\n    exit 1\nfi\n# This output is used by Xcode 'outputs' to avoid re-running this script phase.\necho \"SUCCESS\" > \"${SCRIPT_OUTPUT_FILE_0}\"\n";
			showEnvVarsInLog = 0;
		};
		C5F13171F4A06570E180CA6B /* [CP] Embed Pods Frameworks */ = {
			isa = PBXShellScriptBuildPhase;
			buildActionMask = 2147483647;
			files = (
			);
			inputFileListPaths = (
				"${PODS_ROOT}/Target Support Files/Pods-heroTransitions/Pods-heroTransitions-frameworks-${CONFIGURATION}-input-files.xcfilelist",
			);
			name = "[CP] Embed Pods Frameworks";
			outputFileListPaths = (
				"${PODS_ROOT}/Target Support Files/Pods-heroTransitions/Pods-heroTransitions-frameworks-${CONFIGURATION}-output-files.xcfilelist",
			);
			runOnlyForDeploymentPostprocessing = 0;
			shellPath = /bin/sh;
			shellScript = "\"${PODS_ROOT}/Target Support Files/Pods-heroTransitions/Pods-heroTransitions-frameworks.sh\"\n";
			showEnvVarsInLog = 0;
		};
/* End PBXShellScriptBuildPhase section */

/* Begin PBXSourcesBuildPhase section */
		E7BBABBC2569830800CF95EE /* Sources */ = {
			isa = PBXSourcesBuildPhase;
			buildActionMask = 2147483647;
			files = (
				E752AF81256CA62D00D952F5 /* productsCollectionViewCell.swift in Sources */,
				E7BBABC82569830800CF95EE /* ViewController.swift in Sources */,
				E7BBABDC256984BC00CF95EE /* ViewController2.swift in Sources */,
				E752AF84256CA92700D952F5 /* DetailsItemViewController.swift in Sources */,
				E752AF7E256CA5C800D952F5 /* productsViewController.swift in Sources */,
				E7BBABC42569830800CF95EE /* AppDelegate.swift in Sources */,
				E7BBABC62569830800CF95EE /* SceneDelegate.swift in Sources */,
			);
			runOnlyForDeploymentPostprocessing = 0;
		};
/* End PBXSourcesBuildPhase section */

/* Begin PBXVariantGroup section */
		E7BBABC92569830800CF95EE /* Main.storyboard */ = {
			isa = PBXVariantGroup;
			children = (
				E7BBABCA2569830800CF95EE /* Base */,
			);
			name = Main.storyboard;
			sourceTree = "<group>";
		};
		E7BBABCE2569830900CF95EE /* LaunchScreen.storyboard */ = {
			isa = PBXVariantGroup;
			children = (
				E7BBABCF2569830900CF95EE /* Base */,
			);
			name = LaunchScreen.storyboard;
			sourceTree = "<group>";
		};
/* End PBXVariantGroup section */

/* Begin XCBuildConfiguration section */
		E7BBABD22569830900CF95EE /* Debug */ = {
			isa = XCBuildConfiguration;
			buildSettings = {
				ALWAYS_SEARCH_USER_PATHS = NO;
				CLANG_ANALYZER_NONNULL = YES;
				CLANG_ANALYZER_NUMBER_OBJECT_CONVERSION = YES_AGGRESSIVE;
				CLANG_CXX_LANGUAGE_STANDARD = "gnu++14";
				CLANG_CXX_LIBRARY = "libc++";
				CLANG_ENABLE_MODULES = YES;
				CLANG_ENABLE_OBJC_ARC = YES;
				CLANG_ENABLE_OBJC_WEAK = YES;
				CLANG_WARN_BLOCK_CAPTURE_AUTORELEASING = YES;
				CLANG_WARN_BOOL_CONVERSION = YES;
				CLANG_WARN_COMMA = YES;
				CLANG_WARN_CONSTANT_CONVERSION = YES;
				CLANG_WARN_DEPRECATED_OBJC_IMPLEMENTATIONS = YES;
				CLANG_WARN_DIRECT_OBJC_ISA_USAGE = YES_ERROR;
				CLANG_WARN_DOCUMENTATION_COMMENTS = YES;
				CLANG_WARN_EMPTY_BODY = YES;
				CLANG_WARN_ENUM_CONVERSION = YES;
				CLANG_WARN_INFINITE_RECURSION = YES;
				CLANG_WARN_INT_CONVERSION = YES;
				CLANG_WARN_NON_LITERAL_NULL_CONVERSION = YES;
				CLANG_WARN_OBJC_IMPLICIT_RETAIN_SELF = YES;
				CLANG_WARN_OBJC_LITERAL_CONVERSION = YES;
				CLANG_WARN_OBJC_ROOT_CLASS = YES_ERROR;
				CLANG_WARN_QUOTED_INCLUDE_IN_FRAMEWORK_HEADER = YES;
				CLANG_WARN_RANGE_LOOP_ANALYSIS = YES;
				CLANG_WARN_STRICT_PROTOTYPES = YES;
				CLANG_WARN_SUSPICIOUS_MOVE = YES;
				CLANG_WARN_UNGUARDED_AVAILABILITY = YES_AGGRESSIVE;
				CLANG_WARN_UNREACHABLE_CODE = YES;
				CLANG_WARN__DUPLICATE_METHOD_MATCH = YES;
				COPY_PHASE_STRIP = NO;
				DEBUG_INFORMATION_FORMAT = dwarf;
				ENABLE_STRICT_OBJC_MSGSEND = YES;
				ENABLE_TESTABILITY = YES;
				GCC_C_LANGUAGE_STANDARD = gnu11;
				GCC_DYNAMIC_NO_PIC = NO;
				GCC_NO_COMMON_BLOCKS = YES;
				GCC_OPTIMIZATION_LEVEL = 0;
				GCC_PREPROCESSOR_DEFINITIONS = (
					"DEBUG=1",
					"$(inherited)",
				);
				GCC_WARN_64_TO_32_BIT_CONVERSION = YES;
				GCC_WARN_ABOUT_RETURN_TYPE = YES_ERROR;
				GCC_WARN_UNDECLARED_SELECTOR = YES;
				GCC_WARN_UNINITIALIZED_AUTOS = YES_AGGRESSIVE;
				GCC_WARN_UNUSED_FUNCTION = YES;
				GCC_WARN_UNUSED_VARIABLE = YES;
				IPHONEOS_DEPLOYMENT_TARGET = 14.2;
				MTL_ENABLE_DEBUG_INFO = INCLUDE_SOURCE;
				MTL_FAST_MATH = YES;
				ONLY_ACTIVE_ARCH = YES;
				SDKROOT = iphoneos;
				SWIFT_ACTIVE_COMPILATION_CONDITIONS = DEBUG;
				SWIFT_OPTIMIZATION_LEVEL = "-Onone";
			};
			name = Debug;
		};
		E7BBABD32569830900CF95EE /* Release */ = {
			isa = XCBuildConfiguration;
			buildSettings = {
				ALWAYS_SEARCH_USER_PATHS = NO;
				CLANG_ANALYZER_NONNULL = YES;
				CLANG_ANALYZER_NUMBER_OBJECT_CONVERSION = YES_AGGRESSIVE;
				CLANG_CXX_LANGUAGE_STANDARD = "gnu++14";
				CLANG_CXX_LIBRARY = "libc++";
				CLANG_ENABLE_MODULES = YES;
				CLANG_ENABLE_OBJC_ARC = YES;
				CLANG_ENABLE_OBJC_WEAK = YES;
				CLANG_WARN_BLOCK_CAPTURE_AUTORELEASING = YES;
				CLANG_WARN_BOOL_CONVERSION = YES;
				CLANG_WARN_COMMA = YES;
				CLANG_WARN_CONSTANT_CONVERSION = YES;
				CLANG_WARN_DEPRECATED_OBJC_IMPLEMENTATIONS = YES;
				CLANG_WARN_DIRECT_OBJC_ISA_USAGE = YES_ERROR;
				CLANG_WARN_DOCUMENTATION_COMMENTS = YES;
				CLANG_WARN_EMPTY_BODY = YES;
				CLANG_WARN_ENUM_CONVERSION = YES;
				CLANG_WARN_INFINITE_RECURSION = YES;
				CLANG_WARN_INT_CONVERSION = YES;
				CLANG_WARN_NON_LITERAL_NULL_CONVERSION = YES;
				CLANG_WARN_OBJC_IMPLICIT_RETAIN_SELF = YES;
				CLANG_WARN_OBJC_LITERAL_CONVERSION = YES;
				CLANG_WARN_OBJC_ROOT_CLASS = YES_ERROR;
				CLANG_WARN_QUOTED_INCLUDE_IN_FRAMEWORK_HEADER = YES;
				CLANG_WARN_RANGE_LOOP_ANALYSIS = YES;
				CLANG_WARN_STRICT_PROTOTYPES = YES;
				CLANG_WARN_SUSPICIOUS_MOVE = YES;
				CLANG_WARN_UNGUARDED_AVAILABILITY = YES_AGGRESSIVE;
				CLANG_WARN_UNREACHABLE_CODE = YES;
				CLANG_WARN__DUPLICATE_METHOD_MATCH = YES;
				COPY_PHASE_STRIP = NO;
				DEBUG_INFORMATION_FORMAT = "dwarf-with-dsym";
				ENABLE_NS_ASSERTIONS = NO;
				ENABLE_STRICT_OBJC_MSGSEND = YES;
				GCC_C_LANGUAGE_STANDARD = gnu11;
				GCC_NO_COMMON_BLOCKS = YES;
				GCC_WARN_64_TO_32_BIT_CONVERSION = YES;
				GCC_WARN_ABOUT_RETURN_TYPE = YES_ERROR;
				GCC_WARN_UNDECLARED_SELECTOR = YES;
				GCC_WARN_UNINITIALIZED_AUTOS = YES_AGGRESSIVE;
				GCC_WARN_UNUSED_FUNCTION = YES;
				GCC_WARN_UNUSED_VARIABLE = YES;
				IPHONEOS_DEPLOYMENT_TARGET = 14.2;
				MTL_ENABLE_DEBUG_INFO = NO;
				MTL_FAST_MATH = YES;
				SDKROOT = iphoneos;
				SWIFT_COMPILATION_MODE = wholemodule;
				SWIFT_OPTIMIZATION_LEVEL = "-O";
				VALIDATE_PRODUCT = YES;
			};
			name = Release;
		};
		E7BBABD52569830900CF95EE /* Debug */ = {
			isa = XCBuildConfiguration;
			baseConfigurationReference = DCAB12C11AD1EA92915F1D70 /* Pods-heroTransitions.debug.xcconfig */;
			buildSettings = {
				ASSETCATALOG_COMPILER_APPICON_NAME = AppIcon;
				ASSETCATALOG_COMPILER_GLOBAL_ACCENT_COLOR_NAME = AccentColor;
				CODE_SIGN_STYLE = Automatic;
				DEVELOPMENT_TEAM = 8B7B77U382;
				INFOPLIST_FILE = heroTransitions/Info.plist;
				LD_RUNPATH_SEARCH_PATHS = (
					"$(inherited)",
					"@executable_path/Frameworks",
				);
				PRODUCT_BUNDLE_IDENTIFIER = GergesEid.heroTransitions;
				PRODUCT_NAME = "$(TARGET_NAME)";
				SWIFT_VERSION = 5.0;
				TARGETED_DEVICE_FAMILY = "1,2";
			};
			name = Debug;
		};
		E7BBABD62569830900CF95EE /* Release */ = {
			isa = XCBuildConfiguration;
			baseConfigurationReference = EA5329F7A0393192B8273706 /* Pods-heroTransitions.release.xcconfig */;
			buildSettings = {
				ASSETCATALOG_COMPILER_APPICON_NAME = AppIcon;
				ASSETCATALOG_COMPILER_GLOBAL_ACCENT_COLOR_NAME = AccentColor;
				CODE_SIGN_STYLE = Automatic;
				DEVELOPMENT_TEAM = 8B7B77U382;
				INFOPLIST_FILE = heroTransitions/Info.plist;
				LD_RUNPATH_SEARCH_PATHS = (
					"$(inherited)",
					"@executable_path/Frameworks",
				);
				PRODUCT_BUNDLE_IDENTIFIER = GergesEid.heroTransitions;
				PRODUCT_NAME = "$(TARGET_NAME)";
				SWIFT_VERSION = 5.0;
				TARGETED_DEVICE_FAMILY = "1,2";
			};
			name = Release;
		};
/* End XCBuildConfiguration section */

/* Begin XCConfigurationList section */
		E7BBABBB2569830800CF95EE /* Build configuration list for PBXProject "heroTransitions" */ = {
			isa = XCConfigurationList;
			buildConfigurations = (
				E7BBABD22569830900CF95EE /* Debug */,
				E7BBABD32569830900CF95EE /* Release */,
			);
			defaultConfigurationIsVisible = 0;
			defaultConfigurationName = Release;
		};
		E7BBABD42569830900CF95EE /* Build configuration list for PBXNativeTarget "heroTransitions" */ = {
			isa = XCConfigurationList;
			buildConfigurations = (
				E7BBABD52569830900CF95EE /* Debug */,
				E7BBABD62569830900CF95EE /* Release */,
			);
			defaultConfigurationIsVisible = 0;
			defaultConfigurationName = Release;
		};
/* End XCConfigurationList section */
	};
	rootObject = E7BBABB82569830800CF95EE /* Project object */;
}
